{
  "name": "html",
  "version": "1.0.0",
  "lockfileVersion": 3,
  "requires": true,
  "packages": {
    "": {
      "name": "html",
      "version": "1.0.0",
      "license": "ISC",
      "dependencies": {
        "@yandex/ymaps3-default-ui-theme": "^0.0.18"
      },
      "devDependencies": {}
    },
    "node_modules/@yandex/ymaps3-default-ui-theme": {
      "version": "0.0.18",
      "resolved": "https://registry.npmjs.org/@yandex/ymaps3-default-ui-theme/-/ymaps3-default-ui-theme-0.0.18.tgz",
      "integrity": "sha512-+TGAPzDt8AqlSrsNxpJs7jJ4Uz65Nwsak7ONoDAcf48YrmzCp1EqNZg7lCyusHueuvZ5EbCFTHZBhuZiwjz64Q==",
      "license": "Apache-2"
    }
  }
}
